
Microsoft Visual Studio Solution File, Format Version 12.00
# Visual Studio Version 17
VisualStudioVersion = 17.2.32516.85
MinimumVisualStudioVersion = 10.0.40219.1
Project("{FAE04EC0-301F-11D3-BF4B-00C04F79EFBC}") = "engineering-calculator", "engineering-calculator\engineering-calculator.csproj", "{F083B0EB-61BB-4116-88EA-50B0AF1917EF}"
EndProject
Global
	GlobalSection(SolutionConfigurationPlatforms) = preSolution
		Debug|Any CPU = Debug|Any CPU
		Release|Any CPU = Release|Any CPU
	EndGlobalSection
	GlobalSection(ProjectConfigurationPlatforms) = postSolution
		{F083B0EB-61BB-4116-88EA-50B0AF1917EF}.Debug|Any CPU.ActiveCfg = Debug|Any CPU
		{F083B0EB-61BB-4116-88EA-50B0AF1917EF}.Debug|Any CPU.Build.0 = Debug|Any CPU
		{F083B0EB-61BB-4116-88EA-50B0AF1917EF}.Release|Any CPU.ActiveCfg = Release|Any CPU
		{F083B0EB-61BB-4116-88EA-50B0AF1917EF}.Release|Any CPU.Build.0 = Release|Any CPU
	EndGlobalSection
	GlobalSection(SolutionProperties) = preSolution
		HideSolutionNode = FALSE
	EndGlobalSection
	GlobalSection(ExtensibilityGlobals) = postSolution
		SolutionGuid = {674B9F6A-397A-498C-BD68-ACD19C3F65EE}
	EndGlobalSection
EndGlobal
